
Microsoft Visual Studio Solution File, Format Version 12.00
# Visual Studio Version 17
VisualStudioVersion = 17.4.33110.190
MinimumVisualStudioVersion = 10.0.40219.1
Project("{9A19103F-16F7-4668-BE54-9A1E7A4F7556}") = "CompanyEmployees.IDP", "CompanyEmployees.IDP.csproj", "{76788277-823F-4B2A-A32B-A7384411FAD3}"
EndProject
Project("{9A19103F-16F7-4668-BE54-9A1E7A4F7556}") = "EmailService", "..\EmailService\EmailService.csproj", "{DEC605AD-446D-46BF-80D0-DD4EE8278FA1}"
EndProject
Global
	GlobalSection(SolutionConfigurationPlatforms) = preSolution
		Debug|Any CPU = Debug|Any CPU
		Release|Any CPU = Release|Any CPU
	EndGlobalSection
	GlobalSection(ProjectConfigurationPlatforms) = postSolution
		{76788277-823F-4B2A-A32B-A7384411FAD3}.Debug|Any CPU.ActiveCfg = Debug|Any CPU
		{76788277-823F-4B2A-A32B-A7384411FAD3}.Debug|Any CPU.Build.0 = Debug|Any CPU
		{76788277-823F-4B2A-A32B-A7384411FAD3}.Release|Any CPU.ActiveCfg = Release|Any CPU
		{76788277-823F-4B2A-A32B-A7384411FAD3}.Release|Any CPU.Build.0 = Release|Any CPU
		{DEC605AD-446D-46BF-80D0-DD4EE8278FA1}.Debug|Any CPU.ActiveCfg = Debug|Any CPU
		{DEC605AD-446D-46BF-80D0-DD4EE8278FA1}.Debug|Any CPU.Build.0 = Debug|Any CPU
		{DEC605AD-446D-46BF-80D0-DD4EE8278FA1}.Release|Any CPU.ActiveCfg = Release|Any CPU
		{DEC605AD-446D-46BF-80D0-DD4EE8278FA1}.Release|Any CPU.Build.0 = Release|Any CPU
	EndGlobalSection
	GlobalSection(SolutionProperties) = preSolution
		HideSolutionNode = FALSE
	EndGlobalSection
	GlobalSection(ExtensibilityGlobals) = postSolution
		SolutionGuid = {298399E6-6311-4D68-8CB9-6F33FC1A79AB}
	EndGlobalSection
EndGlobal
